
Microsoft Visual Studio Solution File, Format Version 12.00
# Visual Studio Version 16
VisualStudioVersion = 16.0.31911.196
MinimumVisualStudioVersion = 10.0.40219.1
Project("{FAE04EC0-301F-11D3-BF4B-00C04F79EFBC}") = "Calculator", "Calculator\Calculator.csproj", "{AD121C2E-38FF-4B10-B974-3488EC54FABF}"
EndProject
Global
	GlobalSection(SolutionConfigurationPlatforms) = preSolution
		Debug|Any CPU = Debug|Any CPU
		Release|Any CPU = Release|Any CPU
	EndGlobalSection
	GlobalSection(ProjectConfigurationPlatforms) = postSolution
		{AD121C2E-38FF-4B10-B974-3488EC54FABF}.Debug|Any CPU.ActiveCfg = Debug|Any CPU
		{AD121C2E-38FF-4B10-B974-3488EC54FABF}.Debug|Any CPU.Build.0 = Debug|Any CPU
		{AD121C2E-38FF-4B10-B974-3488EC54FABF}.Release|Any CPU.ActiveCfg = Release|Any CPU
		{AD121C2E-38FF-4B10-B974-3488EC54FABF}.Release|Any CPU.Build.0 = Release|Any CPU
	EndGlobalSection
	GlobalSection(SolutionProperties) = preSolution
		HideSolutionNode = FALSE
	EndGlobalSection
	GlobalSection(ExtensibilityGlobals) = postSolution
		SolutionGuid = {14CD031F-9DEC-489F-8D38-71945FB0422F}
	EndGlobalSection
EndGlobal
